
Microsoft Visual Studio Solution File, Format Version 12.00
# Visual Studio Version 17
VisualStudioVersion = 17.5.002.0
MinimumVisualStudioVersion = 10.0.40219.1
Project("{9A19103F-16F7-4668-BE54-9A1E7A4F7556}") = "Scooters", "Scooters.csproj", "{49A47599-4098-4FFF-B769-562974B8436C}"
EndProject
Global
	GlobalSection(SolutionConfigurationPlatforms) = preSolution
		Debug|Any CPU = Debug|Any CPU
		Release|Any CPU = Release|Any CPU
	EndGlobalSection
	GlobalSection(ProjectConfigurationPlatforms) = postSolution
		{49A47599-4098-4FFF-B769-562974B8436C}.Debug|Any CPU.ActiveCfg = Debug|Any CPU
		{49A47599-4098-4FFF-B769-562974B8436C}.Debug|Any CPU.Build.0 = Debug|Any CPU
		{49A47599-4098-4FFF-B769-562974B8436C}.Release|Any CPU.ActiveCfg = Release|Any CPU
		{49A47599-4098-4FFF-B769-562974B8436C}.Release|Any CPU.Build.0 = Release|Any CPU
	EndGlobalSection
	GlobalSection(SolutionProperties) = preSolution
		HideSolutionNode = FALSE
	EndGlobalSection
	GlobalSection(ExtensibilityGlobals) = postSolution
		SolutionGuid = {B5A2E88D-030E-4B59-8673-711EB9E71098}
	EndGlobalSection
EndGlobal
